Microsoft Visual Studio Solution File, Format Version 11.00
# Visual Studio 2008

Project("{676FF0CC-57A8-E1FD-E6F0-D40EB9642970}") = "Darts", "Assembly-CSharp-firstpass.csproj", "{047B0B0F-607C-17F0-013C-84D6CE2E7994}"
EndProject
Project("{676FF0CC-57A8-E1FD-E6F0-D40EB9642970}") = "Darts", "Assembly-CSharp.csproj", "{71839010-D59F-4D53-103F-BC0DAEC5F4E3}"
EndProject
Project("{676FF0CC-57A8-E1FD-E6F0-D40EB9642970}") = "Darts", "Assembly-CSharp-Editor.csproj", "{55D4FCAF-8749-C8B3-C923-60F9F0024275}"
EndProject
Global
	GlobalSection(SolutionConfigurationPlatforms) = preSolution
		Debug|Any CPU = Debug|Any CPU
		Release|Any CPU = Release|Any CPU
	EndGlobalSection
	GlobalSection(ProjectConfigurationPlatforms) = postSolution
		{047B0B0F-607C-17F0-013C-84D6CE2E7994}.Debug|Any CPU.ActiveCfg = Debug|Any CPU
		{047B0B0F-607C-17F0-013C-84D6CE2E7994}.Debug|Any CPU.Build.0 = Debug|Any CPU
		{047B0B0F-607C-17F0-013C-84D6CE2E7994}.Release|Any CPU.ActiveCfg = Release|Any CPU
		{047B0B0F-607C-17F0-013C-84D6CE2E7994}.Release|Any CPU.Build.0 = Release|Any CPU
		{71839010-D59F-4D53-103F-BC0DAEC5F4E3}.Debug|Any CPU.ActiveCfg = Debug|Any CPU
		{71839010-D59F-4D53-103F-BC0DAEC5F4E3}.Debug|Any CPU.Build.0 = Debug|Any CPU
		{71839010-D59F-4D53-103F-BC0DAEC5F4E3}.Release|Any CPU.ActiveCfg = Release|Any CPU
		{71839010-D59F-4D53-103F-BC0DAEC5F4E3}.Release|Any CPU.Build.0 = Release|Any CPU
		{55D4FCAF-8749-C8B3-C923-60F9F0024275}.Debug|Any CPU.ActiveCfg = Debug|Any CPU
		{55D4FCAF-8749-C8B3-C923-60F9F0024275}.Debug|Any CPU.Build.0 = Debug|Any CPU
		{55D4FCAF-8749-C8B3-C923-60F9F0024275}.Release|Any CPU.ActiveCfg = Release|Any CPU
		{55D4FCAF-8749-C8B3-C923-60F9F0024275}.Release|Any CPU.Build.0 = Release|Any CPU
	EndGlobalSection
	GlobalSection(SolutionProperties) = preSolution
		HideSolutionNode = FALSE
	EndGlobalSection
	GlobalSection(MonoDevelopProperties) = preSolution
		StartupItem = Assembly-CSharp.csproj
	EndGlobalSection
EndGlobal
